
Microsoft Visual Studio Solution File, Format Version 12.00
# Visual Studio Version 17
VisualStudioVersion = 17.8.34322.80
MinimumVisualStudioVersion = 10.0.40219.1
Project("{9A19103F-16F7-4668-BE54-9A1E7A4F7556}") = "CaminoFullStack", "CaminoFullStack\CaminoFullStack.csproj", "{EB3B84E2-532C-4E2A-A487-69D84FA4E9EB}"
EndProject
Project("{9A19103F-16F7-4668-BE54-9A1E7A4F7556}") = "SintaxisBasica", "SintaxisBasica\SintaxisBasica.csproj", "{FC53F01C-3ED3-40F8-A545-10EEA1EC4A5B}"
EndProject
Project("{9A19103F-16F7-4668-BE54-9A1E7A4F7556}") = "Threads", "Threads\Threads.csproj", "{10C53B30-5DFA-47E9-B675-C2B5D134FECD}"
EndProject
Project("{9A19103F-16F7-4668-BE54-9A1E7A4F7556}") = "CaminoFullStackTest", "CaminoFullStackTest\CaminoFullStackTest.csproj", "{BF98FAC2-F909-4014-93D0-6CAAA1684CCB}"
EndProject
Project("{FAE04EC0-301F-11D3-BF4B-00C04F79EFBC}") = "ClassLibraryUWP", "ClassLibraryUWP\ClassLibraryUWP.csproj", "{079817C9-2365-4889-94CB-D5B3C33C65A0}"
EndProject
Project("{FAE04EC0-301F-11D3-BF4B-00C04F79EFBC}") = "UsingLibraries", "UsingLibraries\UsingLibraries.csproj", "{D6452A76-AC51-4482-AE5B-C78B99B4B98F}"
EndProject
Project("{FAE04EC0-301F-11D3-BF4B-00C04F79EFBC}") = "ClassLibrary", "ClassLibrary\ClassLibrary.csproj", "{64038AE8-C86C-4B9E-8AD5-BBD1F465984A}"
EndProject
Project("{FAE04EC0-301F-11D3-BF4B-00C04F79EFBC}") = "AngularApp", "AngularApp\AngularApp\AngularApp.csproj", "{CF7EC8B2-B7A1-4033-B8A1-9644D3149758}"
EndProject
Project("{FAE04EC0-301F-11D3-BF4B-00C04F79EFBC}") = "DAL", "AngularApp\DAL\DAL.csproj", "{DB2764E0-E72A-4FD8-A50C-BD8FA2E8B717}"
EndProject
Global
	GlobalSection(SolutionConfigurationPlatforms) = preSolution
		Debug|Any CPU = Debug|Any CPU
		Debug|ARM = Debug|ARM
		Debug|ARM64 = Debug|ARM64
		Debug|x64 = Debug|x64
		Debug|x86 = Debug|x86
		Release|Any CPU = Release|Any CPU
		Release|ARM = Release|ARM
		Release|ARM64 = Release|ARM64
		Release|x64 = Release|x64
		Release|x86 = Release|x86
	EndGlobalSection
	GlobalSection(ProjectConfigurationPlatforms) = postSolution
		{EB3B84E2-532C-4E2A-A487-69D84FA4E9EB}.Debug|Any CPU.ActiveCfg = Debug|Any CPU
		{EB3B84E2-532C-4E2A-A487-69D84FA4E9EB}.Debug|Any CPU.Build.0 = Debug|Any CPU
		{EB3B84E2-532C-4E2A-A487-69D84FA4E9EB}.Debug|ARM.ActiveCfg = Debug|Any CPU
		{EB3B84E2-532C-4E2A-A487-69D84FA4E9EB}.Debug|ARM.Build.0 = Debug|Any CPU
		{EB3B84E2-532C-4E2A-A487-69D84FA4E9EB}.Debug|ARM64.ActiveCfg = Debug|Any CPU
		{EB3B84E2-532C-4E2A-A487-69D84FA4E9EB}.Debug|ARM64.Build.0 = Debug|Any CPU
		{EB3B84E2-532C-4E2A-A487-69D84FA4E9EB}.Debug|x64.ActiveCfg = Debug|Any CPU
		{EB3B84E2-532C-4E2A-A487-69D84FA4E9EB}.Debug|x64.Build.0 = Debug|Any CPU
		{EB3B84E2-532C-4E2A-A487-69D84FA4E9EB}.Debug|x86.ActiveCfg = Debug|Any CPU
		{EB3B84E2-532C-4E2A-A487-69D84FA4E9EB}.Debug|x86.Build.0 = Debug|Any CPU
		{EB3B84E2-532C-4E2A-A487-69D84FA4E9EB}.Release|Any CPU.ActiveCfg = Release|Any CPU
		{EB3B84E2-532C-4E2A-A487-69D84FA4E9EB}.Release|Any CPU.Build.0 = Release|Any CPU
		{EB3B84E2-532C-4E2A-A487-69D84FA4E9EB}.Release|ARM.ActiveCfg = Release|Any CPU
		{EB3B84E2-532C-4E2A-A487-69D84FA4E9EB}.Release|ARM.Build.0 = Release|Any CPU
		{EB3B84E2-532C-4E2A-A487-69D84FA4E9EB}.Release|ARM64.ActiveCfg = Release|Any CPU
		{EB3B84E2-532C-4E2A-A487-69D84FA4E9EB}.Release|ARM64.Build.0 = Release|Any CPU
		{EB3B84E2-532C-4E2A-A487-69D84FA4E9EB}.Release|x64.ActiveCfg = Release|Any CPU
		{EB3B84E2-532C-4E2A-A487-69D84FA4E9EB}.Release|x64.Build.0 = Release|Any CPU
		{EB3B84E2-532C-4E2A-A487-69D84FA4E9EB}.Release|x86.ActiveCfg = Release|Any CPU
		{EB3B84E2-532C-4E2A-A487-69D84FA4E9EB}.Release|x86.Build.0 = Release|Any CPU
		{FC53F01C-3ED3-40F8-A545-10EEA1EC4A5B}.Debug|Any CPU.ActiveCfg = Debug|Any CPU
		{FC53F01C-3ED3-40F8-A545-10EEA1EC4A5B}.Debug|Any CPU.Build.0 = Debug|Any CPU
		{FC53F01C-3ED3-40F8-A545-10EEA1EC4A5B}.Debug|ARM.ActiveCfg = Debug|Any CPU
		{FC53F01C-3ED3-40F8-A545-10EEA1EC4A5B}.Debug|ARM.Build.0 = Debug|Any CPU
		{FC53F01C-3ED3-40F8-A545-10EEA1EC4A5B}.Debug|ARM64.ActiveCfg = Debug|Any CPU
		{FC53F01C-3ED3-40F8-A545-10EEA1EC4A5B}.Debug|ARM64.Build.0 = Debug|Any CPU
		{FC53F01C-3ED3-40F8-A545-10EEA1EC4A5B}.Debug|x64.ActiveCfg = Debug|Any CPU
		{FC53F01C-3ED3-40F8-A545-10EEA1EC4A5B}.Debug|x64.Build.0 = Debug|Any CPU
		{FC53F01C-3ED3-40F8-A545-10EEA1EC4A5B}.Debug|x86.ActiveCfg = Debug|Any CPU
		{FC53F01C-3ED3-40F8-A545-10EEA1EC4A5B}.Debug|x86.Build.0 = Debug|Any CPU
		{FC53F01C-3ED3-40F8-A545-10EEA1EC4A5B}.Release|Any CPU.ActiveCfg = Release|Any CPU
		{FC53F01C-3ED3-40F8-A545-10EEA1EC4A5B}.Release|Any CPU.Build.0 = Release|Any CPU
		{FC53F01C-3ED3-40F8-A545-10EEA1EC4A5B}.Release|ARM.ActiveCfg = Release|Any CPU
		{FC53F01C-3ED3-40F8-A545-10EEA1EC4A5B}.Release|ARM.Build.0 = Release|Any CPU
		{FC53F01C-3ED3-40F8-A545-10EEA1EC4A5B}.Release|ARM64.ActiveCfg = Release|Any CPU
		{FC53F01C-3ED3-40F8-A545-10EEA1EC4A5B}.Release|ARM64.Build.0 = Release|Any CPU
		{FC53F01C-3ED3-40F8-A545-10EEA1EC4A5B}.Release|x64.ActiveCfg = Release|Any CPU
		{FC53F01C-3ED3-40F8-A545-10EEA1EC4A5B}.Release|x64.Build.0 = Release|Any CPU
		{FC53F01C-3ED3-40F8-A545-10EEA1EC4A5B}.Release|x86.ActiveCfg = Release|Any CPU
		{FC53F01C-3ED3-40F8-A545-10EEA1EC4A5B}.Release|x86.Build.0 = Release|Any CPU
		{10C53B30-5DFA-47E9-B675-C2B5D134FECD}.Debug|Any CPU.ActiveCfg = Debug|Any CPU
		{10C53B30-5DFA-47E9-B675-C2B5D134FECD}.Debug|Any CPU.Build.0 = Debug|Any CPU
		{10C53B30-5DFA-47E9-B675-C2B5D134FECD}.Debug|ARM.ActiveCfg = Debug|Any CPU
		{10C53B30-5DFA-47E9-B675-C2B5D134FECD}.Debug|ARM.Build.0 = Debug|Any CPU
		{10C53B30-5DFA-47E9-B675-C2B5D134FECD}.Debug|ARM64.ActiveCfg = Debug|Any CPU
		{10C53B30-5DFA-47E9-B675-C2B5D134FECD}.Debug|ARM64.Build.0 = Debug|Any CPU
		{10C53B30-5DFA-47E9-B675-C2B5D134FECD}.Debug|x64.ActiveCfg = Debug|Any CPU
		{10C53B30-5DFA-47E9-B675-C2B5D134FECD}.Debug|x64.Build.0 = Debug|Any CPU
		{10C53B30-5DFA-47E9-B675-C2B5D134FECD}.Debug|x86.ActiveCfg = Debug|Any CPU
		{10C53B30-5DFA-47E9-B675-C2B5D134FECD}.Debug|x86.Build.0 = Debug|Any CPU
		{10C53B30-5DFA-47E9-B675-C2B5D134FECD}.Release|Any CPU.ActiveCfg = Release|Any CPU
		{10C53B30-5DFA-47E9-B675-C2B5D134FECD}.Release|Any CPU.Build.0 = Release|Any CPU
		{10C53B30-5DFA-47E9-B675-C2B5D134FECD}.Release|ARM.ActiveCfg = Release|Any CPU
		{10C53B30-5DFA-47E9-B675-C2B5D134FECD}.Release|ARM.Build.0 = Release|Any CPU
		{10C53B30-5DFA-47E9-B675-C2B5D134FECD}.Release|ARM64.ActiveCfg = Release|Any CPU
		{10C53B30-5DFA-47E9-B675-C2B5D134FECD}.Release|ARM64.Build.0 = Release|Any CPU
		{10C53B30-5DFA-47E9-B675-C2B5D134FECD}.Release|x64.ActiveCfg = Release|Any CPU
		{10C53B30-5DFA-47E9-B675-C2B5D134FECD}.Release|x64.Build.0 = Release|Any CPU
		{10C53B30-5DFA-47E9-B675-C2B5D134FECD}.Release|x86.ActiveCfg = Release|Any CPU
		{10C53B30-5DFA-47E9-B675-C2B5D134FECD}.Release|x86.Build.0 = Release|Any CPU
		{BF98FAC2-F909-4014-93D0-6CAAA1684CCB}.Debug|Any CPU.ActiveCfg = Debug|Any CPU
		{BF98FAC2-F909-4014-93D0-6CAAA1684CCB}.Debug|Any CPU.Build.0 = Debug|Any CPU
		{BF98FAC2-F909-4014-93D0-6CAAA1684CCB}.Debug|ARM.ActiveCfg = Debug|Any CPU
		{BF98FAC2-F909-4014-93D0-6CAAA1684CCB}.Debug|ARM.Build.0 = Debug|Any CPU
		{BF98FAC2-F909-4014-93D0-6CAAA1684CCB}.Debug|ARM64.ActiveCfg = Debug|Any CPU
		{BF98FAC2-F909-4014-93D0-6CAAA1684CCB}.Debug|ARM64.Build.0 = Debug|Any CPU
		{BF98FAC2-F909-4014-93D0-6CAAA1684CCB}.Debug|x64.ActiveCfg = Debug|Any CPU
		{BF98FAC2-F909-4014-93D0-6CAAA1684CCB}.Debug|x64.Build.0 = Debug|Any CPU
		{BF98FAC2-F909-4014-93D0-6CAAA1684CCB}.Debug|x86.ActiveCfg = Debug|Any CPU
		{BF98FAC2-F909-4014-93D0-6CAAA1684CCB}.Debug|x86.Build.0 = Debug|Any CPU
		{BF98FAC2-F909-4014-93D0-6CAAA1684CCB}.Release|Any CPU.ActiveCfg = Release|Any CPU
		{BF98FAC2-F909-4014-93D0-6CAAA1684CCB}.Release|Any CPU.Build.0 = Release|Any CPU
		{BF98FAC2-F909-4014-93D0-6CAAA1684CCB}.Release|ARM.ActiveCfg = Release|Any CPU
		{BF98FAC2-F909-4014-93D0-6CAAA1684CCB}.Release|ARM.Build.0 = Release|Any CPU
		{BF98FAC2-F909-4014-93D0-6CAAA1684CCB}.Release|ARM64.ActiveCfg = Release|Any CPU
		{BF98FAC2-F909-4014-93D0-6CAAA1684CCB}.Release|ARM64.Build.0 = Release|Any CPU
		{BF98FAC2-F909-4014-93D0-6CAAA1684CCB}.Release|x64.ActiveCfg = Release|Any CPU
		{BF98FAC2-F909-4014-93D0-6CAAA1684CCB}.Release|x64.Build.0 = Release|Any CPU
		{BF98FAC2-F909-4014-93D0-6CAAA1684CCB}.Release|x86.ActiveCfg = Release|Any CPU
		{BF98FAC2-F909-4014-93D0-6CAAA1684CCB}.Release|x86.Build.0 = Release|Any CPU
		{079817C9-2365-4889-94CB-D5B3C33C65A0}.Debug|Any CPU.ActiveCfg = Debug|Any CPU
		{079817C9-2365-4889-94CB-D5B3C33C65A0}.Debug|Any CPU.Build.0 = Debug|Any CPU
		{079817C9-2365-4889-94CB-D5B3C33C65A0}.Debug|ARM.ActiveCfg = Debug|ARM
		{079817C9-2365-4889-94CB-D5B3C33C65A0}.Debug|ARM.Build.0 = Debug|ARM
		{079817C9-2365-4889-94CB-D5B3C33C65A0}.Debug|ARM64.ActiveCfg = Debug|ARM64
		{079817C9-2365-4889-94CB-D5B3C33C65A0}.Debug|ARM64.Build.0 = Debug|ARM64
		{079817C9-2365-4889-94CB-D5B3C33C65A0}.Debug|x64.ActiveCfg = Debug|x64
		{079817C9-2365-4889-94CB-D5B3C33C65A0}.Debug|x64.Build.0 = Debug|x64
		{079817C9-2365-4889-94CB-D5B3C33C65A0}.Debug|x86.ActiveCfg = Debug|x86
		{079817C9-2365-4889-94CB-D5B3C33C65A0}.Debug|x86.Build.0 = Debug|x86
		{079817C9-2365-4889-94CB-D5B3C33C65A0}.Release|Any CPU.ActiveCfg = Release|Any CPU
		{079817C9-2365-4889-94CB-D5B3C33C65A0}.Release|Any CPU.Build.0 = Release|Any CPU
		{079817C9-2365-4889-94CB-D5B3C33C65A0}.Release|ARM.ActiveCfg = Release|ARM
		{079817C9-2365-4889-94CB-D5B3C33C65A0}.Release|ARM.Build.0 = Release|ARM
		{079817C9-2365-4889-94CB-D5B3C33C65A0}.Release|ARM64.ActiveCfg = Release|ARM64
		{079817C9-2365-4889-94CB-D5B3C33C65A0}.Release|ARM64.Build.0 = Release|ARM64
		{079817C9-2365-4889-94CB-D5B3C33C65A0}.Release|x64.ActiveCfg = Release|x64
		{079817C9-2365-4889-94CB-D5B3C33C65A0}.Release|x64.Build.0 = Release|x64
		{079817C9-2365-4889-94CB-D5B3C33C65A0}.Release|x86.ActiveCfg = Release|x86
		{079817C9-2365-4889-94CB-D5B3C33C65A0}.Release|x86.Build.0 = Release|x86
		{D6452A76-AC51-4482-AE5B-C78B99B4B98F}.Debug|Any CPU.ActiveCfg = Debug|Any CPU
		{D6452A76-AC51-4482-AE5B-C78B99B4B98F}.Debug|Any CPU.Build.0 = Debug|Any CPU
		{D6452A76-AC51-4482-AE5B-C78B99B4B98F}.Debug|ARM.ActiveCfg = Debug|Any CPU
		{D6452A76-AC51-4482-AE5B-C78B99B4B98F}.Debug|ARM.Build.0 = Debug|Any CPU
		{D6452A76-AC51-4482-AE5B-C78B99B4B98F}.Debug|ARM64.ActiveCfg = Debug|Any CPU
		{D6452A76-AC51-4482-AE5B-C78B99B4B98F}.Debug|ARM64.Build.0 = Debug|Any CPU
		{D6452A76-AC51-4482-AE5B-C78B99B4B98F}.Debug|x64.ActiveCfg = Debug|Any CPU
		{D6452A76-AC51-4482-AE5B-C78B99B4B98F}.Debug|x64.Build.0 = Debug|Any CPU
		{D6452A76-AC51-4482-AE5B-C78B99B4B98F}.Debug|x86.ActiveCfg = Debug|Any CPU
		{D6452A76-AC51-4482-AE5B-C78B99B4B98F}.Debug|x86.Build.0 = Debug|Any CPU
		{D6452A76-AC51-4482-AE5B-C78B99B4B98F}.Release|Any CPU.ActiveCfg = Release|Any CPU
		{D6452A76-AC51-4482-AE5B-C78B99B4B98F}.Release|Any CPU.Build.0 = Release|Any CPU
		{D6452A76-AC51-4482-AE5B-C78B99B4B98F}.Release|ARM.ActiveCfg = Release|Any CPU
		{D6452A76-AC51-4482-AE5B-C78B99B4B98F}.Release|ARM.Build.0 = Release|Any CPU
		{D6452A76-AC51-4482-AE5B-C78B99B4B98F}.Release|ARM64.ActiveCfg = Release|Any CPU
		{D6452A76-AC51-4482-AE5B-C78B99B4B98F}.Release|ARM64.Build.0 = Release|Any CPU
		{D6452A76-AC51-4482-AE5B-C78B99B4B98F}.Release|x64.ActiveCfg = Release|Any CPU
		{D6452A76-AC51-4482-AE5B-C78B99B4B98F}.Release|x64.Build.0 = Release|Any CPU
		{D6452A76-AC51-4482-AE5B-C78B99B4B98F}.Release|x86.ActiveCfg = Release|Any CPU
		{D6452A76-AC51-4482-AE5B-C78B99B4B98F}.Release|x86.Build.0 = Release|Any CPU
		{64038AE8-C86C-4B9E-8AD5-BBD1F465984A}.Debug|Any CPU.ActiveCfg = Debug|Any CPU
		{64038AE8-C86C-4B9E-8AD5-BBD1F465984A}.Debug|Any CPU.Build.0 = Debug|Any CPU
		{64038AE8-C86C-4B9E-8AD5-BBD1F465984A}.Debug|ARM.ActiveCfg = Debug|Any CPU
		{64038AE8-C86C-4B9E-8AD5-BBD1F465984A}.Debug|ARM.Build.0 = Debug|Any CPU
		{64038AE8-C86C-4B9E-8AD5-BBD1F465984A}.Debug|ARM64.ActiveCfg = Debug|Any CPU
		{64038AE8-C86C-4B9E-8AD5-BBD1F465984A}.Debug|ARM64.Build.0 = Debug|Any CPU
		{64038AE8-C86C-4B9E-8AD5-BBD1F465984A}.Debug|x64.ActiveCfg = Debug|Any CPU
		{64038AE8-C86C-4B9E-8AD5-BBD1F465984A}.Debug|x64.Build.0 = Debug|Any CPU
		{64038AE8-C86C-4B9E-8AD5-BBD1F465984A}.Debug|x86.ActiveCfg = Debug|Any CPU
		{64038AE8-C86C-4B9E-8AD5-BBD1F465984A}.Debug|x86.Build.0 = Debug|Any CPU
		{64038AE8-C86C-4B9E-8AD5-BBD1F465984A}.Release|Any CPU.ActiveCfg = Release|Any CPU
		{64038AE8-C86C-4B9E-8AD5-BBD1F465984A}.Release|Any CPU.Build.0 = Release|Any CPU
		{64038AE8-C86C-4B9E-8AD5-BBD1F465984A}.Release|ARM.ActiveCfg = Release|Any CPU
		{64038AE8-C86C-4B9E-8AD5-BBD1F465984A}.Release|ARM.Build.0 = Release|Any CPU
		{64038AE8-C86C-4B9E-8AD5-BBD1F465984A}.Release|ARM64.ActiveCfg = Release|Any CPU
		{64038AE8-C86C-4B9E-8AD5-BBD1F465984A}.Release|ARM64.Build.0 = Release|Any CPU
		{64038AE8-C86C-4B9E-8AD5-BBD1F465984A}.Release|x64.ActiveCfg = Release|Any CPU
		{64038AE8-C86C-4B9E-8AD5-BBD1F465984A}.Release|x64.Build.0 = Release|Any CPU
		{64038AE8-C86C-4B9E-8AD5-BBD1F465984A}.Release|x86.ActiveCfg = Release|Any CPU
		{64038AE8-C86C-4B9E-8AD5-BBD1F465984A}.Release|x86.Build.0 = Release|Any CPU
		{CF7EC8B2-B7A1-4033-B8A1-9644D3149758}.Debug|Any CPU.ActiveCfg = Debug|Any CPU
		{CF7EC8B2-B7A1-4033-B8A1-9644D3149758}.Debug|Any CPU.Build.0 = Debug|Any CPU
		{CF7EC8B2-B7A1-4033-B8A1-9644D3149758}.Debug|ARM.ActiveCfg = Debug|Any CPU
		{CF7EC8B2-B7A1-4033-B8A1-9644D3149758}.Debug|ARM.Build.0 = Debug|Any CPU
		{CF7EC8B2-B7A1-4033-B8A1-9644D3149758}.Debug|ARM64.ActiveCfg = Debug|Any CPU
		{CF7EC8B2-B7A1-4033-B8A1-9644D3149758}.Debug|ARM64.Build.0 = Debug|Any CPU
		{CF7EC8B2-B7A1-4033-B8A1-9644D3149758}.Debug|x64.ActiveCfg = Debug|Any CPU
		{CF7EC8B2-B7A1-4033-B8A1-9644D3149758}.Debug|x64.Build.0 = Debug|Any CPU
		{CF7EC8B2-B7A1-4033-B8A1-9644D3149758}.Debug|x86.ActiveCfg = Debug|Any CPU
		{CF7EC8B2-B7A1-4033-B8A1-9644D3149758}.Debug|x86.Build.0 = Debug|Any CPU
		{CF7EC8B2-B7A1-4033-B8A1-9644D3149758}.Release|Any CPU.ActiveCfg = Release|Any CPU
		{CF7EC8B2-B7A1-4033-B8A1-9644D3149758}.Release|Any CPU.Build.0 = Release|Any CPU
		{CF7EC8B2-B7A1-4033-B8A1-9644D3149758}.Release|ARM.ActiveCfg = Release|Any CPU
		{CF7EC8B2-B7A1-4033-B8A1-9644D3149758}.Release|ARM.Build.0 = Release|Any CPU
		{CF7EC8B2-B7A1-4033-B8A1-9644D3149758}.Release|ARM64.ActiveCfg = Release|Any CPU
		{CF7EC8B2-B7A1-4033-B8A1-9644D3149758}.Release|ARM64.Build.0 = Release|Any CPU
		{CF7EC8B2-B7A1-4033-B8A1-9644D3149758}.Release|x64.ActiveCfg = Release|Any CPU
		{CF7EC8B2-B7A1-4033-B8A1-9644D3149758}.Release|x64.Build.0 = Release|Any CPU
		{CF7EC8B2-B7A1-4033-B8A1-9644D3149758}.Release|x86.ActiveCfg = Release|Any CPU
		{CF7EC8B2-B7A1-4033-B8A1-9644D3149758}.Release|x86.Build.0 = Release|Any CPU
		{DB2764E0-E72A-4FD8-A50C-BD8FA2E8B717}.Debug|Any CPU.ActiveCfg = Debug|Any CPU
		{DB2764E0-E72A-4FD8-A50C-BD8FA2E8B717}.Debug|Any CPU.Build.0 = Debug|Any CPU
		{DB2764E0-E72A-4FD8-A50C-BD8FA2E8B717}.Debug|ARM.ActiveCfg = Debug|Any CPU
		{DB2764E0-E72A-4FD8-A50C-BD8FA2E8B717}.Debug|ARM.Build.0 = Debug|Any CPU
		{DB2764E0-E72A-4FD8-A50C-BD8FA2E8B717}.Debug|ARM64.ActiveCfg = Debug|Any CPU
		{DB2764E0-E72A-4FD8-A50C-BD8FA2E8B717}.Debug|ARM64.Build.0 = Debug|Any CPU
		{DB2764E0-E72A-4FD8-A50C-BD8FA2E8B717}.Debug|x64.ActiveCfg = Debug|Any CPU
		{DB2764E0-E72A-4FD8-A50C-BD8FA2E8B717}.Debug|x64.Build.0 = Debug|Any CPU
		{DB2764E0-E72A-4FD8-A50C-BD8FA2E8B717}.Debug|x86.ActiveCfg = Debug|Any CPU
		{DB2764E0-E72A-4FD8-A50C-BD8FA2E8B717}.Debug|x86.Build.0 = Debug|Any CPU
		{DB2764E0-E72A-4FD8-A50C-BD8FA2E8B717}.Release|Any CPU.ActiveCfg = Release|Any CPU
		{DB2764E0-E72A-4FD8-A50C-BD8FA2E8B717}.Release|Any CPU.Build.0 = Release|Any CPU
		{DB2764E0-E72A-4FD8-A50C-BD8FA2E8B717}.Release|ARM.ActiveCfg = Release|Any CPU
		{DB2764E0-E72A-4FD8-A50C-BD8FA2E8B717}.Release|ARM.Build.0 = Release|Any CPU
		{DB2764E0-E72A-4FD8-A50C-BD8FA2E8B717}.Release|ARM64.ActiveCfg = Release|Any CPU
		{DB2764E0-E72A-4FD8-A50C-BD8FA2E8B717}.Release|ARM64.Build.0 = Release|Any CPU
		{DB2764E0-E72A-4FD8-A50C-BD8FA2E8B717}.Release|x64.ActiveCfg = Release|Any CPU
		{DB2764E0-E72A-4FD8-A50C-BD8FA2E8B717}.Release|x64.Build.0 = Release|Any CPU
		{DB2764E0-E72A-4FD8-A50C-BD8FA2E8B717}.Release|x86.ActiveCfg = Release|Any CPU
		{DB2764E0-E72A-4FD8-A50C-BD8FA2E8B717}.Release|x86.Build.0 = Release|Any CPU
	EndGlobalSection
	GlobalSection(SolutionProperties) = preSolution
		HideSolutionNode = FALSE
	EndGlobalSection
	GlobalSection(ExtensibilityGlobals) = postSolution
		SolutionGuid = {B8BCB02E-D3BD-4364-BB95-06461B1CB545}
	EndGlobalSection
EndGlobal
